
Microsoft Visual Studio Solution File, Format Version 12.00
# Visual Studio Version 16
VisualStudioVersion = 16.0.28729.10
MinimumVisualStudioVersion = 10.0.40219.1
Project("{9A19103F-16F7-4668-BE54-9A1E7A4F7556}") = "UnicontaRest", "src\UnicontaRest\UnicontaRest.csproj", "{0CB5B6C2-4CB5-4DA5-B46B-5838051C7975}"
EndProject
Global
	GlobalSection(SolutionConfigurationPlatforms) = preSolution
		Debug|Any CPU = Debug|Any CPU
		Release|Any CPU = Release|Any CPU
	EndGlobalSection
	GlobalSection(ProjectConfigurationPlatforms) = postSolution
		{0CB5B6C2-4CB5-4DA5-B46B-5838051C7975}.Debug|Any CPU.ActiveCfg = Debug|Any CPU
		{0CB5B6C2-4CB5-4DA5-B46B-5838051C7975}.Debug|Any CPU.Build.0 = Debug|Any CPU
		{0CB5B6C2-4CB5-4DA5-B46B-5838051C7975}.Release|Any CPU.ActiveCfg = Release|Any CPU
		{0CB5B6C2-4CB5-4DA5-B46B-5838051C7975}.Release|Any CPU.Build.0 = Release|Any CPU
	EndGlobalSection
	GlobalSection(SolutionProperties) = preSolution
		HideSolutionNode = FALSE
	EndGlobalSection
	GlobalSection(ExtensibilityGlobals) = postSolution
		SolutionGuid = {D61275C3-EFB5-47A1-A054-A4413A35792B}
	EndGlobalSection
EndGlobal
